
Microsoft Visual Studio Solution File, Format Version 12.00
Project("{FAE04EC0-301F-11D3-BF4B-00C04F79EFBC}") = "TrollTrackr", "TrollTrackr.csproj", "{243A9D79-D6A0-4C14-87AA-2BB50FEC8C1B}"
EndProject
Global
	GlobalSection(SolutionConfigurationPlatforms) = preSolution
		Debug|Any CPU = Debug|Any CPU
		Release|Any CPU = Release|Any CPU
	EndGlobalSection
	GlobalSection(ProjectConfigurationPlatforms) = postSolution
		{243A9D79-D6A0-4C14-87AA-2BB50FEC8C1B}.Debug|Any CPU.ActiveCfg = Debug|Any CPU
		{243A9D79-D6A0-4C14-87AA-2BB50FEC8C1B}.Debug|Any CPU.Build.0 = Debug|Any CPU
		{243A9D79-D6A0-4C14-87AA-2BB50FEC8C1B}.Release|Any CPU.ActiveCfg = Release|Any CPU
		{243A9D79-D6A0-4C14-87AA-2BB50FEC8C1B}.Release|Any CPU.Build.0 = Release|Any CPU
	EndGlobalSection
EndGlobal
